
Microsoft Visual Studio Solution File, Format Version 12.00
# Visual Studio Version 16
VisualStudioVersion = 16.0.31112.23
MinimumVisualStudioVersion = 10.0.40219.1
Project("{FAE04EC0-301F-11D3-BF4B-00C04F79EFBC}") = "tic-tac-toe", "tic-tac-toe.csproj", "{EC8859F1-AFAC-4859-A020-BA7697DD46C4}"
EndProject
Project("{FAE04EC0-301F-11D3-BF4B-00C04F79EFBC}") = "UnitTests", "..\UnitTests\UnitTests.csproj", "{B8B95722-AADB-4FBC-847F-0C0C8B779040}"
EndProject
Global
	GlobalSection(SolutionConfigurationPlatforms) = preSolution
		Debug|Any CPU = Debug|Any CPU
		Release|Any CPU = Release|Any CPU
	EndGlobalSection
	GlobalSection(ProjectConfigurationPlatforms) = postSolution
		{EC8859F1-AFAC-4859-A020-BA7697DD46C4}.Debug|Any CPU.ActiveCfg = Debug|Any CPU
		{EC8859F1-AFAC-4859-A020-BA7697DD46C4}.Debug|Any CPU.Build.0 = Debug|Any CPU
		{EC8859F1-AFAC-4859-A020-BA7697DD46C4}.Release|Any CPU.ActiveCfg = Release|Any CPU
		{EC8859F1-AFAC-4859-A020-BA7697DD46C4}.Release|Any CPU.Build.0 = Release|Any CPU
		{B8B95722-AADB-4FBC-847F-0C0C8B779040}.Debug|Any CPU.ActiveCfg = Debug|Any CPU
		{B8B95722-AADB-4FBC-847F-0C0C8B779040}.Debug|Any CPU.Build.0 = Debug|Any CPU
		{B8B95722-AADB-4FBC-847F-0C0C8B779040}.Release|Any CPU.ActiveCfg = Release|Any CPU
		{B8B95722-AADB-4FBC-847F-0C0C8B779040}.Release|Any CPU.Build.0 = Release|Any CPU
	EndGlobalSection
	GlobalSection(SolutionProperties) = preSolution
		HideSolutionNode = FALSE
	EndGlobalSection
	GlobalSection(ExtensibilityGlobals) = postSolution
		SolutionGuid = {0F211AB9-5B9D-4A8A-9290-C7EE42812756}
	EndGlobalSection
EndGlobal
